hash: 14331297038153f2dacef017ddc22fec28156b6bef8c778c82f8302953929967
updated: 2016-09-11T17:16:24.293891316-05:00
imports:
- name: github.com/chzyer/readline
  version: 62c6fe6193755f722b8b8788aa7357be55a50ff1
- name: github.com/nats-io/nats
  version: fc85f44c1659ab6610d76fd6bd0e44ad2cadf697
  subpackages:
  - encoders/builtin
- name: github.com/nats-io/nuid
  version: a5152d67cf63cbfb5d992a395458722a45194715
- name: github.com/urfave/cli
  version: a14d7d367bc02b1f57d88de97926727f2d936387
testImports: []
